
Microsoft Visual Studio Solution File, Format Version 12.00
# Visual Studio Version 17
VisualStudioVersion = 17.5.002.0
MinimumVisualStudioVersion = 10.0.40219.1
Project("{2150E333-8FDC-42A3-9474-1A3956D46DE8}") = "test", "test", "{AE12BFE9-9051-479A-AD81-69F702B4F6E9}"
EndProject
Project("{9A19103F-16F7-4668-BE54-9A1E7A4F7556}") = "aws-iot-sample.Tests", "test\aws-iot-sample.Tests\aws-iot-sample.Tests.csproj", "{75306346-823D-4EEA-9822-C19E13C34C38}"
EndProject
Project("{2150E333-8FDC-42A3-9474-1A3956D46DE8}") = "src", "src", "{0D739D0B-8CD4-4EF3-AB44-A9FF7D1B1433}"
EndProject
Project("{9A19103F-16F7-4668-BE54-9A1E7A4F7556}") = "aws-iot-sample", "src\aws-iot-sample\aws-iot-sample.csproj", "{8824E607-E89B-4CD0-94B3-70E58A3A7A42}"
EndProject
Global
	GlobalSection(SolutionConfigurationPlatforms) = preSolution
		Debug|Any CPU = Debug|Any CPU
		Release|Any CPU = Release|Any CPU
	EndGlobalSection
	GlobalSection(ProjectConfigurationPlatforms) = postSolution
		{75306346-823D-4EEA-9822-C19E13C34C38}.Debug|Any CPU.ActiveCfg = Debug|Any CPU
		{75306346-823D-4EEA-9822-C19E13C34C38}.Debug|Any CPU.Build.0 = Debug|Any CPU
		{75306346-823D-4EEA-9822-C19E13C34C38}.Release|Any CPU.ActiveCfg = Release|Any CPU
		{75306346-823D-4EEA-9822-C19E13C34C38}.Release|Any CPU.Build.0 = Release|Any CPU
		{8824E607-E89B-4CD0-94B3-70E58A3A7A42}.Debug|Any CPU.ActiveCfg = Debug|Any CPU
		{8824E607-E89B-4CD0-94B3-70E58A3A7A42}.Debug|Any CPU.Build.0 = Debug|Any CPU
		{8824E607-E89B-4CD0-94B3-70E58A3A7A42}.Release|Any CPU.ActiveCfg = Release|Any CPU
		{8824E607-E89B-4CD0-94B3-70E58A3A7A42}.Release|Any CPU.Build.0 = Release|Any CPU
	EndGlobalSection
	GlobalSection(SolutionProperties) = preSolution
		HideSolutionNode = FALSE
	EndGlobalSection
	GlobalSection(NestedProjects) = preSolution
		{75306346-823D-4EEA-9822-C19E13C34C38} = {AE12BFE9-9051-479A-AD81-69F702B4F6E9}
		{8824E607-E89B-4CD0-94B3-70E58A3A7A42} = {0D739D0B-8CD4-4EF3-AB44-A9FF7D1B1433}
	EndGlobalSection
	GlobalSection(ExtensibilityGlobals) = postSolution
		SolutionGuid = {6A503A0A-593C-41B8-A325-D49EA3C5FE82}
	EndGlobalSection
EndGlobal
